
Microsoft Visual Studio Solution File, Format Version 12.00
# Visual Studio Version 17
VisualStudioVersion = 17.9.34701.34
MinimumVisualStudioVersion = 10.0.40219.1
Project("{F14B399A-7131-4C87-9E4B-1186C45EF12D}") = "CarReport Project1", "CarReport Project1\CarReport Project1.rptproj", "{9C28ACE7-87BD-4601-A2E5-4B62229C9184}"
EndProject
Global
	GlobalSection(SolutionConfigurationPlatforms) = preSolution
		Debug|Default = Debug|Default
		DebugLocal|Default = DebugLocal|Default
		Release|Default = Release|Default
	EndGlobalSection
	GlobalSection(ProjectConfigurationPlatforms) = postSolution
		{9C28ACE7-87BD-4601-A2E5-4B62229C9184}.Debug|Default.ActiveCfg = Debug
		{9C28ACE7-87BD-4601-A2E5-4B62229C9184}.Debug|Default.Build.0 = Debug
		{9C28ACE7-87BD-4601-A2E5-4B62229C9184}.Debug|Default.Deploy.0 = Debug
		{9C28ACE7-87BD-4601-A2E5-4B62229C9184}.DebugLocal|Default.ActiveCfg = DebugLocal
		{9C28ACE7-87BD-4601-A2E5-4B62229C9184}.DebugLocal|Default.Build.0 = DebugLocal
		{9C28ACE7-87BD-4601-A2E5-4B62229C9184}.Release|Default.ActiveCfg = Release
		{9C28ACE7-87BD-4601-A2E5-4B62229C9184}.Release|Default.Build.0 = Release
		{9C28ACE7-87BD-4601-A2E5-4B62229C9184}.Release|Default.Deploy.0 = Release
	EndGlobalSection
	GlobalSection(SolutionProperties) = preSolution
		HideSolutionNode = FALSE
	EndGlobalSection
	GlobalSection(ExtensibilityGlobals) = postSolution
		SolutionGuid = {9C0E1963-D9D5-4672-8DE8-DFB395E0D576}
	EndGlobalSection
EndGlobal
